dependencies:
- name: postgresql
  repository: https://charts.bitnami.com/bitnami
  version: 16.7.14
- name: redis
  repository: https://charts.bitnami.com/bitnami
  version: 17.10.3
digest: sha256:283055455f6963fb336f51414e25cc824d982a4eaa51cab8ccb7e84c4d7918ec
generated: "2025-06-29T20:17:58.994519-04:00"
